
Microsoft Visual Studio Solution File, Format Version 12.00
# Visual Studio Version 17
VisualStudioVersion = 17.0.31903.59
MinimumVisualStudioVersion = 10.0.40219.1
Project("{2150E333-8FDC-42A3-9474-1A3956D46DE8}") = "src", "src", "{493BDE4C-2EBA-49EE-BF44-10AAB73634D6}"
EndProject
Project("{FAE04EC0-301F-11D3-BF4B-00C04F79EFBC}") = "PowerCSharp.Extensions", "src\PowerCSharp.Extensions\PowerCSharp.Extensions.csproj", "{73835311-BC0A-4107-9E6D-4950DF565C46}"
EndProject
Project("{FAE04EC0-301F-11D3-BF4B-00C04F79EFBC}") = "PowerCSharp.Helpers", "src\PowerCSharp.Helpers\PowerCSharp.Helpers.csproj", "{C6DD78CC-6C10-407A-A395-72CEA324867C}"
EndProject
Project("{2150E333-8FDC-42A3-9474-1A3956D46DE8}") = "tests", "tests", "{8507D629-2649-468E-8345-212CFC547FA8}"
EndProject
Project("{FAE04EC0-301F-11D3-BF4B-00C04F79EFBC}") = "PowerCSharp.Extensions.Tests", "tests\PowerCSharp.Extensions.Tests\PowerCSharp.Extensions.Tests.csproj", "{D7A54062-A400-4AD3-96AD-62808CBAAABF}"
EndProject
Project("{FAE04EC0-301F-11D3-BF4B-00C04F79EFBC}") = "PowerCSharp.Helpers.Tests", "tests\PowerCSharp.Helpers.Tests\PowerCSharp.Helpers.Tests.csproj", "{A1C7AC5E-B9AD-4A32-8273-CB28126B888E}"
EndProject
Project("{2150E333-8FDC-42A3-9474-1A3956D46DE8}") = "samples", "samples", "{BC0230B2-0BAF-4499-BBC1-34EAF4CB615F}"
EndProject
Project("{FAE04EC0-301F-11D3-BF4B-00C04F79EFBC}") = "WebSample", "samples\WebSample\WebSample.csproj", "{8083CEDB-94B6-489F-BB10-E26CF2797B1F}"
EndProject
Project("{FAE04EC0-301F-11D3-BF4B-00C04F79EFBC}") = "PowerCSharp.Utilities", "src\PowerCSharp.Utilities\PowerCSharp.Utilities.csproj", "{03309BF5-4102-4131-9E30-0F6CEFC65056}"
EndProject
Project("{FAE04EC0-301F-11D3-BF4B-00C04F79EFBC}") = "PowerCSharp.Core", "src\PowerCSharp.Core\PowerCSharp.Core.csproj", "{1380092F-0AB9-40E1-8108-77DD984CD601}"
EndProject
Project("{FAE04EC0-301F-11D3-BF4B-00C04F79EFBC}") = "PowerCSharp.Extensions.AspNetCore", "src\PowerCSharp.Extensions.AspNetCore\PowerCSharp.Extensions.AspNetCore.csproj", "{A2B1C3D4-E5F6-7890-ABCD-EF1234567890}"
EndProject
Project("{2150E333-8FDC-42A3-9474-1A3956D46DE8}") = "Features", "Features", "{006F80FE-AC82-4752-972B-081BA6C6A651}"
EndProject
Project("{FAE04EC0-301F-11D3-BF4B-00C04F79EFBC}") = "PowerCSharp.Features.Abstractions", "src\Features\PowerCSharp.Features.Abstractions\PowerCSharp.Features.Abstractions.csproj", "{99C0BB6F-5967-4CA8-9C71-E68C720E2B81}"
EndProject
Project("{FAE04EC0-301F-11D3-BF4B-00C04F79EFBC}") = "PowerCSharp.Features", "src\Features\PowerCSharp.Features\PowerCSharp.Features.csproj", "{E25F0402-F0C7-42B7-B781-4AEF16E580EB}"
EndProject
Project("{FAE04EC0-301F-11D3-BF4B-00C04F79EFBC}") = "PowerCSharp.BuiltInFeatures", "src\Features\PowerCSharp.BuiltInFeatures\PowerCSharp.BuiltInFeatures.csproj", "{1A0E9E1B-0C63-492F-A07C-B961DCF0BF08}"
EndProject
Project("{FAE04EC0-301F-11D3-BF4B-00C04F79EFBC}") = "PowerCSharp.Feature.Cache", "src\Features\PowerCSharp.Feature.Cache\PowerCSharp.Feature.Cache.csproj", "{3F4D37F4-692F-4CAB-A695-B7A42909E8BB}"
EndProject
Project("{FAE04EC0-301F-11D3-BF4B-00C04F79EFBC}") = "PowerCSharp.Feature.Cache.BitFaster", "src\Features\PowerCSharp.Feature.Cache.BitFaster\PowerCSharp.Feature.Cache.BitFaster.csproj", "{919D6874-E5A9-471B-81F8-93817F7CE9D9}"
EndProject
Project("{FAE04EC0-301F-11D3-BF4B-00C04F79EFBC}") = "PowerCSharp.Features.Tests", "tests\PowerCSharp.Features.Tests\PowerCSharp.Features.Tests.csproj", "{B0BB83C7-5DCE-490F-ABF3-22B790C0E17C}"
EndProject
Project("{FAE04EC0-301F-11D3-BF4B-00C04F79EFBC}") = "PowerCSharp.BuiltInFeatures.Tests", "tests\PowerCSharp.BuiltInFeatures.Tests\PowerCSharp.BuiltInFeatures.Tests.csproj", "{115B57D5-CE53-4751-8540-1ED7FAEC6C2A}"
EndProject
Project("{FAE04EC0-301F-11D3-BF4B-00C04F79EFBC}") = "PowerCSharp.Feature.Cache.Tests", "tests\PowerCSharp.Feature.Cache.Tests\PowerCSharp.Feature.Cache.Tests.csproj", "{01C67F51-0FE0-4576-9507-7CE856370C14}"
EndProject
Project("{FAE04EC0-301F-11D3-BF4B-00C04F79EFBC}") = "PowerCSharp.Feature.Cache.Abstractions", "src\Features\PowerCSharp.Feature.Cache.Abstractions\PowerCSharp.Feature.Cache.Abstractions.csproj", "{E61A4C83-42A8-42A5-B1F1-868ED5DE762F}"
EndProject
Global
	GlobalSection(SolutionConfigurationPlatforms) = preSolution
		Debug|Any CPU = Debug|Any CPU
		Release|Any CPU = Release|Any CPU
	EndGlobalSection
	GlobalSection(SolutionProperties) = preSolution
		HideSolutionNode = FALSE
	EndGlobalSection
	GlobalSection(ProjectConfigurationPlatforms) = postSolution
		{73835311-BC0A-4107-9E6D-4950DF565C46}.Debug|Any CPU.ActiveCfg = Debug|Any CPU
		{73835311-BC0A-4107-9E6D-4950DF565C46}.Debug|Any CPU.Build.0 = Debug|Any CPU
		{73835311-BC0A-4107-9E6D-4950DF565C46}.Release|Any CPU.ActiveCfg = Release|Any CPU
		{73835311-BC0A-4107-9E6D-4950DF565C46}.Release|Any CPU.Build.0 = Release|Any CPU
		{C6DD78CC-6C10-407A-A395-72CEA324867C}.Debug|Any CPU.ActiveCfg = Debug|Any CPU
		{C6DD78CC-6C10-407A-A395-72CEA324867C}.Debug|Any CPU.Build.0 = Debug|Any CPU
		{C6DD78CC-6C10-407A-A395-72CEA324867C}.Release|Any CPU.ActiveCfg = Release|Any CPU
		{C6DD78CC-6C10-407A-A395-72CEA324867C}.Release|Any CPU.Build.0 = Release|Any CPU
		{D7A54062-A400-4AD3-96AD-62808CBAAABF}.Debug|Any CPU.ActiveCfg = Debug|Any CPU
		{D7A54062-A400-4AD3-96AD-62808CBAAABF}.Debug|Any CPU.Build.0 = Debug|Any CPU
		{D7A54062-A400-4AD3-96AD-62808CBAAABF}.Release|Any CPU.ActiveCfg = Release|Any CPU
		{D7A54062-A400-4AD3-96AD-62808CBAAABF}.Release|Any CPU.Build.0 = Release|Any CPU
		{A1C7AC5E-B9AD-4A32-8273-CB28126B888E}.Debug|Any CPU.ActiveCfg = Debug|Any CPU
		{A1C7AC5E-B9AD-4A32-8273-CB28126B888E}.Debug|Any CPU.Build.0 = Debug|Any CPU
		{A1C7AC5E-B9AD-4A32-8273-CB28126B888E}.Release|Any CPU.ActiveCfg = Release|Any CPU
		{A1C7AC5E-B9AD-4A32-8273-CB28126B888E}.Release|Any CPU.Build.0 = Release|Any CPU
		{8083CEDB-94B6-489F-BB10-E26CF2797B1F}.Debug|Any CPU.ActiveCfg = Debug|Any CPU
		{8083CEDB-94B6-489F-BB10-E26CF2797B1F}.Debug|Any CPU.Build.0 = Debug|Any CPU
		{8083CEDB-94B6-489F-BB10-E26CF2797B1F}.Release|Any CPU.ActiveCfg = Release|Any CPU
		{8083CEDB-94B6-489F-BB10-E26CF2797B1F}.Release|Any CPU.Build.0 = Release|Any CPU
		{03309BF5-4102-4131-9E30-0F6CEFC65056}.Debug|Any CPU.ActiveCfg = Debug|Any CPU
		{03309BF5-4102-4131-9E30-0F6CEFC65056}.Debug|Any CPU.Build.0 = Debug|Any CPU
		{03309BF5-4102-4131-9E30-0F6CEFC65056}.Release|Any CPU.ActiveCfg = Release|Any CPU
		{03309BF5-4102-4131-9E30-0F6CEFC65056}.Release|Any CPU.Build.0 = Release|Any CPU
		{1380092F-0AB9-40E1-8108-77DD984CD601}.Debug|Any CPU.ActiveCfg = Debug|Any CPU
		{1380092F-0AB9-40E1-8108-77DD984CD601}.Debug|Any CPU.Build.0 = Debug|Any CPU
		{1380092F-0AB9-40E1-8108-77DD984CD601}.Release|Any CPU.ActiveCfg = Release|Any CPU
		{1380092F-0AB9-40E1-8108-77DD984CD601}.Release|Any CPU.Build.0 = Release|Any CPU
		{A2B1C3D4-E5F6-7890-ABCD-EF1234567890}.Debug|Any CPU.ActiveCfg = Debug|Any CPU
		{A2B1C3D4-E5F6-7890-ABCD-EF1234567890}.Debug|Any CPU.Build.0 = Debug|Any CPU
		{A2B1C3D4-E5F6-7890-ABCD-EF1234567890}.Release|Any CPU.ActiveCfg = Release|Any CPU
		{A2B1C3D4-E5F6-7890-ABCD-EF1234567890}.Release|Any CPU.Build.0 = Release|Any CPU
		{99C0BB6F-5967-4CA8-9C71-E68C720E2B81}.Debug|Any CPU.ActiveCfg = Debug|Any CPU
		{99C0BB6F-5967-4CA8-9C71-E68C720E2B81}.Debug|Any CPU.Build.0 = Debug|Any CPU
		{99C0BB6F-5967-4CA8-9C71-E68C720E2B81}.Release|Any CPU.ActiveCfg = Release|Any CPU
		{99C0BB6F-5967-4CA8-9C71-E68C720E2B81}.Release|Any CPU.Build.0 = Release|Any CPU
		{E25F0402-F0C7-42B7-B781-4AEF16E580EB}.Debug|Any CPU.ActiveCfg = Debug|Any CPU
		{E25F0402-F0C7-42B7-B781-4AEF16E580EB}.Debug|Any CPU.Build.0 = Debug|Any CPU
		{E25F0402-F0C7-42B7-B781-4AEF16E580EB}.Release|Any CPU.ActiveCfg = Release|Any CPU
		{E25F0402-F0C7-42B7-B781-4AEF16E580EB}.Release|Any CPU.Build.0 = Release|Any CPU
		{1A0E9E1B-0C63-492F-A07C-B961DCF0BF08}.Debug|Any CPU.ActiveCfg = Debug|Any CPU
		{1A0E9E1B-0C63-492F-A07C-B961DCF0BF08}.Debug|Any CPU.Build.0 = Debug|Any CPU
		{1A0E9E1B-0C63-492F-A07C-B961DCF0BF08}.Release|Any CPU.ActiveCfg = Release|Any CPU
		{1A0E9E1B-0C63-492F-A07C-B961DCF0BF08}.Release|Any CPU.Build.0 = Release|Any CPU
		{3F4D37F4-692F-4CAB-A695-B7A42909E8BB}.Debug|Any CPU.ActiveCfg = Debug|Any CPU
		{3F4D37F4-692F-4CAB-A695-B7A42909E8BB}.Debug|Any CPU.Build.0 = Debug|Any CPU
		{3F4D37F4-692F-4CAB-A695-B7A42909E8BB}.Release|Any CPU.ActiveCfg = Release|Any CPU
		{3F4D37F4-692F-4CAB-A695-B7A42909E8BB}.Release|Any CPU.Build.0 = Release|Any CPU
		{919D6874-E5A9-471B-81F8-93817F7CE9D9}.Debug|Any CPU.ActiveCfg = Debug|Any CPU
		{919D6874-E5A9-471B-81F8-93817F7CE9D9}.Debug|Any CPU.Build.0 = Debug|Any CPU
		{919D6874-E5A9-471B-81F8-93817F7CE9D9}.Release|Any CPU.ActiveCfg = Release|Any CPU
		{919D6874-E5A9-471B-81F8-93817F7CE9D9}.Release|Any CPU.Build.0 = Release|Any CPU
		{B0BB83C7-5DCE-490F-ABF3-22B790C0E17C}.Debug|Any CPU.ActiveCfg = Debug|Any CPU
		{B0BB83C7-5DCE-490F-ABF3-22B790C0E17C}.Debug|Any CPU.Build.0 = Debug|Any CPU
		{B0BB83C7-5DCE-490F-ABF3-22B790C0E17C}.Release|Any CPU.ActiveCfg = Release|Any CPU
		{B0BB83C7-5DCE-490F-ABF3-22B790C0E17C}.Release|Any CPU.Build.0 = Release|Any CPU
		{115B57D5-CE53-4751-8540-1ED7FAEC6C2A}.Debug|Any CPU.ActiveCfg = Debug|Any CPU
		{115B57D5-CE53-4751-8540-1ED7FAEC6C2A}.Debug|Any CPU.Build.0 = Debug|Any CPU
		{115B57D5-CE53-4751-8540-1ED7FAEC6C2A}.Release|Any CPU.ActiveCfg = Release|Any CPU
		{115B57D5-CE53-4751-8540-1ED7FAEC6C2A}.Release|Any CPU.Build.0 = Release|Any CPU
		{01C67F51-0FE0-4576-9507-7CE856370C14}.Debug|Any CPU.ActiveCfg = Debug|Any CPU
		{01C67F51-0FE0-4576-9507-7CE856370C14}.Debug|Any CPU.Build.0 = Debug|Any CPU
		{01C67F51-0FE0-4576-9507-7CE856370C14}.Release|Any CPU.ActiveCfg = Release|Any CPU
		{01C67F51-0FE0-4576-9507-7CE856370C14}.Release|Any CPU.Build.0 = Release|Any CPU
		{E61A4C83-42A8-42A5-B1F1-868ED5DE762F}.Debug|Any CPU.ActiveCfg = Debug|Any CPU
		{E61A4C83-42A8-42A5-B1F1-868ED5DE762F}.Debug|Any CPU.Build.0 = Debug|Any CPU
		{E61A4C83-42A8-42A5-B1F1-868ED5DE762F}.Release|Any CPU.ActiveCfg = Release|Any CPU
		{E61A4C83-42A8-42A5-B1F1-868ED5DE762F}.Release|Any CPU.Build.0 = Release|Any CPU
	EndGlobalSection
	GlobalSection(NestedProjects) = preSolution
		{73835311-BC0A-4107-9E6D-4950DF565C46} = {493BDE4C-2EBA-49EE-BF44-10AAB73634D6}
		{C6DD78CC-6C10-407A-A395-72CEA324867C} = {493BDE4C-2EBA-49EE-BF44-10AAB73634D6}
		{D7A54062-A400-4AD3-96AD-62808CBAAABF} = {8507D629-2649-468E-8345-212CFC547FA8}
		{A1C7AC5E-B9AD-4A32-8273-CB28126B888E} = {8507D629-2649-468E-8345-212CFC547FA8}
		{8083CEDB-94B6-489F-BB10-E26CF2797B1F} = {BC0230B2-0BAF-4499-BBC1-34EAF4CB615F}
		{03309BF5-4102-4131-9E30-0F6CEFC65056} = {493BDE4C-2EBA-49EE-BF44-10AAB73634D6}
		{1380092F-0AB9-40E1-8108-77DD984CD601} = {493BDE4C-2EBA-49EE-BF44-10AAB73634D6}
		{A2B1C3D4-E5F6-7890-ABCD-EF1234567890} = {493BDE4C-2EBA-49EE-BF44-10AAB73634D6}
		{006F80FE-AC82-4752-972B-081BA6C6A651} = {493BDE4C-2EBA-49EE-BF44-10AAB73634D6}
		{99C0BB6F-5967-4CA8-9C71-E68C720E2B81} = {006F80FE-AC82-4752-972B-081BA6C6A651}
		{E25F0402-F0C7-42B7-B781-4AEF16E580EB} = {006F80FE-AC82-4752-972B-081BA6C6A651}
		{1A0E9E1B-0C63-492F-A07C-B961DCF0BF08} = {006F80FE-AC82-4752-972B-081BA6C6A651}
		{3F4D37F4-692F-4CAB-A695-B7A42909E8BB} = {006F80FE-AC82-4752-972B-081BA6C6A651}
		{919D6874-E5A9-471B-81F8-93817F7CE9D9} = {006F80FE-AC82-4752-972B-081BA6C6A651}
		{B0BB83C7-5DCE-490F-ABF3-22B790C0E17C} = {8507D629-2649-468E-8345-212CFC547FA8}
		{115B57D5-CE53-4751-8540-1ED7FAEC6C2A} = {8507D629-2649-468E-8345-212CFC547FA8}
		{01C67F51-0FE0-4576-9507-7CE856370C14} = {8507D629-2649-468E-8345-212CFC547FA8}
		{E61A4C83-42A8-42A5-B1F1-868ED5DE762F} = {006F80FE-AC82-4752-972B-081BA6C6A651}
	EndGlobalSection
EndGlobal
