
Microsoft Visual Studio Solution File, Format Version 12.00
# Visual Studio Version 17
VisualStudioVersion = 17.0.31903.59
MinimumVisualStudioVersion = 10.0.40219.1
Project("{2150E333-8FDC-42A3-9474-1A3956D46DE8}") = "src", "src", "{493BDE4C-2EBA-49EE-BF44-10AAB73634D6}"
EndProject
Project("{FAE04EC0-301F-11D3-BF4B-00C04F79EFBC}") = "PowerCSharp.Extensions", "src\PowerCSharp.Extensions\PowerCSharp.Extensions.csproj", "{73835311-BC0A-4107-9E6D-4950DF565C46}"
EndProject
Project("{FAE04EC0-301F-11D3-BF4B-00C04F79EFBC}") = "PowerCSharp.Helpers", "src\PowerCSharp.Helpers\PowerCSharp.Helpers.csproj", "{C6DD78CC-6C10-407A-A395-72CEA324867C}"
EndProject
Project("{2150E333-8FDC-42A3-9474-1A3956D46DE8}") = "tests", "tests", "{8507D629-2649-468E-8345-212CFC547FA8}"
EndProject
Project("{FAE04EC0-301F-11D3-BF4B-00C04F79EFBC}") = "PowerCSharp.Extensions.Tests", "tests\PowerCSharp.Extensions.Tests\PowerCSharp.Extensions.Tests.csproj", "{D7A54062-A400-4AD3-96AD-62808CBAAABF}"
EndProject
Project("{FAE04EC0-301F-11D3-BF4B-00C04F79EFBC}") = "PowerCSharp.Helpers.Tests", "tests\PowerCSharp.Helpers.Tests\PowerCSharp.Helpers.Tests.csproj", "{A1C7AC5E-B9AD-4A32-8273-CB28126B888E}"
EndProject
Project("{2150E333-8FDC-42A3-9474-1A3956D46DE8}") = "samples", "samples", "{BC0230B2-0BAF-4499-BBC1-34EAF4CB615F}"
EndProject
Project("{FAE04EC0-301F-11D3-BF4B-00C04F79EFBC}") = "WebSample", "samples\WebSample\WebSample.csproj", "{8083CEDB-94B6-489F-BB10-E26CF2797B1F}"
EndProject
Global
	GlobalSection(SolutionConfigurationPlatforms) = preSolution
		Debug|Any CPU = Debug|Any CPU
		Release|Any CPU = Release|Any CPU
	EndGlobalSection
	GlobalSection(SolutionProperties) = preSolution
		HideSolutionNode = FALSE
	EndGlobalSection
	GlobalSection(ProjectConfigurationPlatforms) = postSolution
		{73835311-BC0A-4107-9E6D-4950DF565C46}.Debug|Any CPU.ActiveCfg = Debug|Any CPU
		{73835311-BC0A-4107-9E6D-4950DF565C46}.Debug|Any CPU.Build.0 = Debug|Any CPU
		{73835311-BC0A-4107-9E6D-4950DF565C46}.Release|Any CPU.ActiveCfg = Release|Any CPU
		{73835311-BC0A-4107-9E6D-4950DF565C46}.Release|Any CPU.Build.0 = Release|Any CPU
		{C6DD78CC-6C10-407A-A395-72CEA324867C}.Debug|Any CPU.ActiveCfg = Debug|Any CPU
		{C6DD78CC-6C10-407A-A395-72CEA324867C}.Debug|Any CPU.Build.0 = Debug|Any CPU
		{C6DD78CC-6C10-407A-A395-72CEA324867C}.Release|Any CPU.ActiveCfg = Release|Any CPU
		{C6DD78CC-6C10-407A-A395-72CEA324867C}.Release|Any CPU.Build.0 = Release|Any CPU
		{D7A54062-A400-4AD3-96AD-62808CBAAABF}.Debug|Any CPU.ActiveCfg = Debug|Any CPU
		{D7A54062-A400-4AD3-96AD-62808CBAAABF}.Debug|Any CPU.Build.0 = Debug|Any CPU
		{D7A54062-A400-4AD3-96AD-62808CBAAABF}.Release|Any CPU.ActiveCfg = Release|Any CPU
		{D7A54062-A400-4AD3-96AD-62808CBAAABF}.Release|Any CPU.Build.0 = Release|Any CPU
		{A1C7AC5E-B9AD-4A32-8273-CB28126B888E}.Debug|Any CPU.ActiveCfg = Debug|Any CPU
		{A1C7AC5E-B9AD-4A32-8273-CB28126B888E}.Debug|Any CPU.Build.0 = Debug|Any CPU
		{A1C7AC5E-B9AD-4A32-8273-CB28126B888E}.Release|Any CPU.ActiveCfg = Release|Any CPU
		{A1C7AC5E-B9AD-4A32-8273-CB28126B888E}.Release|Any CPU.Build.0 = Release|Any CPU
		{8083CEDB-94B6-489F-BB10-E26CF2797B1F}.Debug|Any CPU.ActiveCfg = Debug|Any CPU
		{8083CEDB-94B6-489F-BB10-E26CF2797B1F}.Debug|Any CPU.Build.0 = Debug|Any CPU
		{8083CEDB-94B6-489F-BB10-E26CF2797B1F}.Release|Any CPU.ActiveCfg = Release|Any CPU
		{8083CEDB-94B6-489F-BB10-E26CF2797B1F}.Release|Any CPU.Build.0 = Release|Any CPU
	EndGlobalSection
	GlobalSection(NestedProjects) = preSolution
		{73835311-BC0A-4107-9E6D-4950DF565C46} = {493BDE4C-2EBA-49EE-BF44-10AAB73634D6}
		{C6DD78CC-6C10-407A-A395-72CEA324867C} = {493BDE4C-2EBA-49EE-BF44-10AAB73634D6}
		{D7A54062-A400-4AD3-96AD-62808CBAAABF} = {8507D629-2649-468E-8345-212CFC547FA8}
		{A1C7AC5E-B9AD-4A32-8273-CB28126B888E} = {8507D629-2649-468E-8345-212CFC547FA8}
		{8083CEDB-94B6-489F-BB10-E26CF2797B1F} = {BC0230B2-0BAF-4499-BBC1-34EAF4CB615F}
	EndGlobalSection
EndGlobal
